
Microsoft Visual Studio Solution File, Format Version 12.00
# Visual Studio Version 16
VisualStudioVersion = 16.0.32630.194
MinimumVisualStudioVersion = 10.0.40219.1
Project("{8BC9CEB8-8B4A-11D0-8D11-00A0C91BC942}") = "JenkinsTest", "JenkinsTest\JenkinsTest.vcxproj", "{EBA1FAC9-7A12-4799-8D9F-BF6B02867110}"
EndProject
Global
	GlobalSection(SolutionConfigurationPlatforms) = preSolution
		Debug|x64 = Debug|x64
		Release|x64 = Release|x64
	EndGlobalSection
	GlobalSection(ProjectConfigurationPlatforms) = postSolution
		{EBA1FAC9-7A12-4799-8D9F-BF6B02867110}.Debug|x64.ActiveCfg = Debug|x64
		{EBA1FAC9-7A12-4799-8D9F-BF6B02867110}.Debug|x64.Build.0 = Debug|x64
		{EBA1FAC9-7A12-4799-8D9F-BF6B02867110}.Release|x64.ActiveCfg = Release|x64
		{EBA1FAC9-7A12-4799-8D9F-BF6B02867110}.Release|x64.Build.0 = Release|x64
	EndGlobalSection
	GlobalSection(SolutionProperties) = preSolution
		HideSolutionNode = FALSE
	EndGlobalSection
	GlobalSection(ExtensibilityGlobals) = postSolution
		SolutionGuid = {E052BF30-E14D-47B6-B9CA-6B988C36453E}
	EndGlobalSection
EndGlobal
